// !$*UTF8*$!
{
	archiveVersion = 1;
	classes = {
	};
	objectVersion = 50;
	objects = {

/* Begin PBXBuildFile section */
		462036A9243EC492006F1FA2 /* libapp-ios.a in Frameworks */ = {isa = PBXBuildFile; fileRef = 462036A8243EC492006F1FA2 /* libapp-ios.a */; };
		462036B9243EC5B3006F1FA2 /* PonyExpressAppDelegate.m in Sources */ = {isa = PBXBuildFile; fileRef = 46F3A69E243D01D50030287A /* PonyExpressAppDelegate.m */; };
		462036BA243EC5B3006F1FA2 /* PonyExpressView.m in Sources */ = {isa = PBXBuildFile; fileRef = 46F3A6A1243D01D50030287A /* PonyExpressView.m */; };
		462036BB243EC5B3006F1FA2 /* PonyExpressViewController.m in Sources */ = {isa = PBXBuildFile; fileRef = 46F3A6A3243D01D50030287A /* PonyExpressViewController.m */; };
		462036BC243EC5B3006F1FA2 /* PonyPlatform.m in Sources */ = {isa = PBXBuildFile; fileRef = 46F3A6B3243D02750030287A /* PonyPlatform.m */; };
		462036BD243EC5B3006F1FA2 /* avl_tree.c in Sources */ = {isa = PBXBuildFile; fileRef = 46F3A679243D01440030287A /* avl_tree.c */; };
		462036BE243EC5B3006F1FA2 /* HALRenderEngine.c in Sources */ = {isa = PBXBuildFile; fileRef = 46F3A67B243D01440030287A /* HALRenderEngine.c */; };
		462036BF243EC5B4006F1FA2 /* Flat.metal in Sources */ = {isa = PBXBuildFile; fileRef = 46F3A67F243D01440030287A /* Flat.metal */; };
		462036C0243EC5B4006F1FA2 /* SDF.metal in Sources */ = {isa = PBXBuildFile; fileRef = 46F3A680243D01440030287A /* SDF.metal */; };
		462036C1243EC5B4006F1FA2 /* Textured.metal in Sources */ = {isa = PBXBuildFile; fileRef = 46F3A681243D01440030287A /* Textured.metal */; };
		462036C2243EC5B4006F1FA2 /* Renderer.swift in Sources */ = {isa = PBXBuildFile; fileRef = 46F3A67D243D01440030287A /* Renderer.swift */; };
		462036C3243EC603006F1FA2 /* PonyExpressConfig.h in Headers */ = {isa = PBXBuildFile; fileRef = 46F3A69F243D01D50030287A /* PonyExpressConfig.h */; settings = {ATTRIBUTES = (Public, ); }; };
		462036C4243EC603006F1FA2 /* PonyExpressView.h in Headers */ = {isa = PBXBuildFile; fileRef = 46F3A6A0243D01D50030287A /* PonyExpressView.h */; settings = {ATTRIBUTES = (Public, ); }; };
		462036C5243EC603006F1FA2 /* PonyExpressViewController.h in Headers */ = {isa = PBXBuildFile; fileRef = 46F3A6A2243D01D50030287A /* PonyExpressViewController.h */; settings = {ATTRIBUTES = (Public, ); }; };
		462036C8243EC657006F1FA2 /* HALRenderEngine.h in Headers */ = {isa = PBXBuildFile; fileRef = 46F3A67C243D01440030287A /* HALRenderEngine.h */; settings = {ATTRIBUTES = (Private, ); }; };
		462036C9243EC671006F1FA2 /* app.h in Headers */ = {isa = PBXBuildFile; fileRef = 462036AA243EC4F9006F1FA2 /* app.h */; settings = {ATTRIBUTES = (Private, ); }; };
		462036CA243EC671006F1FA2 /* atomics.h in Headers */ = {isa = PBXBuildFile; fileRef = 46F3A6F6243D5BFB0030287A /* atomics.h */; settings = {ATTRIBUTES = (Private, ); }; };
		462036CB243EC671006F1FA2 /* pony.h in Headers */ = {isa = PBXBuildFile; fileRef = 46F3A6F7243D5BFB0030287A /* pony.h */; settings = {ATTRIBUTES = (Private, ); }; };
		462036CC243EC671006F1FA2 /* PonyExpressNSView.h in Headers */ = {isa = PBXBuildFile; fileRef = 46F3A6E5243D202B0030287A /* PonyExpressNSView.h */; settings = {ATTRIBUTES = (Private, ); }; };
		462036CD243EC671006F1FA2 /* PonyExpressAppDelegate.h in Headers */ = {isa = PBXBuildFile; fileRef = 46F3A69D243D01D50030287A /* PonyExpressAppDelegate.h */; settings = {ATTRIBUTES = (Private, ); }; };
		462036CE243EC671006F1FA2 /* PonyPlatform.h in Headers */ = {isa = PBXBuildFile; fileRef = 46F3A6B2243D02750030287A /* PonyPlatform.h */; settings = {ATTRIBUTES = (Private, ); }; };
		462036CF243EC671006F1FA2 /* avl_tree.h in Headers */ = {isa = PBXBuildFile; fileRef = 46F3A67A243D01440030287A /* avl_tree.h */; settings = {ATTRIBUTES = (Private, ); }; };
		462036D0243EC671006F1FA2 /* ShaderTypes.h in Headers */ = {isa = PBXBuildFile; fileRef = 46F3A682243D01440030287A /* ShaderTypes.h */; settings = {ATTRIBUTES = (Private, ); }; };
		462036D1243EC69B006F1FA2 /* libyoga-osx.a in Frameworks */ = {isa = PBXBuildFile; fileRef = 46F3A6F4243D5BFB0030287A /* libyoga-osx.a */; };
		462036D2243EC69D006F1FA2 /* libponyrt-osx.a in Frameworks */ = {isa = PBXBuildFile; fileRef = 46F3A6F3243D5BFB0030287A /* libponyrt-osx.a */; };
		462036D3243EC6A3006F1FA2 /* libponybitmap-osx.a in Frameworks */ = {isa = PBXBuildFile; fileRef = 46F3A6F2243D5BFB0030287A /* libponybitmap-osx.a */; };
		462036D5243EC6AC006F1FA2 /* libapp-osx.a in Frameworks */ = {isa = PBXBuildFile; fileRef = 462036D4243EC6AC006F1FA2 /* libapp-osx.a */; };
		462036D7243EC6B5006F1FA2 /* libc++.tbd in Frameworks */ = {isa = PBXBuildFile; fileRef = 462036D6243EC6B5006F1FA2 /* libc++.tbd */; };
		462036DC243EC874006F1FA2 /* PonyExpressNSView.m in Sources */ = {isa = PBXBuildFile; fileRef = 46F3A6E6243D202B0030287A /* PonyExpressNSView.m */; };
		462036DD243EC8D4006F1FA2 /* PonyExpress-Swift.h in Headers */ = {isa = PBXBuildFile; fileRef = 46F3A70B243D5F330030287A /* PonyExpress-Swift.h */; settings = {ATTRIBUTES = (Private, ); }; };
		462036DE243EC8E9006F1FA2 /* PonyExpressOSX.h in Headers */ = {isa = PBXBuildFile; fileRef = 462036C6243EC625006F1FA2 /* PonyExpressOSX.h */; settings = {ATTRIBUTES = (Public, ); }; };
		46F3A660243D00180030287A /* PonyExpressiOS.h in Headers */ = {isa = PBXBuildFile; fileRef = 46F3A65E243D00180030287A /* PonyExpressiOS.h */; settings = {ATTRIBUTES = (Public, ); }; };
		46F3A690243D01440030287A /* avl_tree.c in Sources */ = {isa = PBXBuildFile; fileRef = 46F3A679243D01440030287A /* avl_tree.c */; };
		46F3A691243D01440030287A /* avl_tree.h in Headers */ = {isa = PBXBuildFile; fileRef = 46F3A67A243D01440030287A /* avl_tree.h */; settings = {ATTRIBUTES = (Private, ); }; };
		46F3A692243D01440030287A /* HALRenderEngine.c in Sources */ = {isa = PBXBuildFile; fileRef = 46F3A67B243D01440030287A /* HALRenderEngine.c */; };
		46F3A693243D01440030287A /* HALRenderEngine.h in Headers */ = {isa = PBXBuildFile; fileRef = 46F3A67C243D01440030287A /* HALRenderEngine.h */; settings = {ATTRIBUTES = (Private, ); }; };
		46F3A694243D01440030287A /* Renderer.swift in Sources */ = {isa = PBXBuildFile; fileRef = 46F3A67D243D01440030287A /* Renderer.swift */; };
		46F3A695243D01440030287A /* Flat.metal in Sources */ = {isa = PBXBuildFile; fileRef = 46F3A67F243D01440030287A /* Flat.metal */; };
		46F3A696243D01440030287A /* SDF.metal in Sources */ = {isa = PBXBuildFile; fileRef = 46F3A680243D01440030287A /* SDF.metal */; };
		46F3A697243D01440030287A /* Textured.metal in Sources */ = {isa = PBXBuildFile; fileRef = 46F3A681243D01440030287A /* Textured.metal */; };
		46F3A698243D01440030287A /* ShaderTypes.h in Headers */ = {isa = PBXBuildFile; fileRef = 46F3A682243D01440030287A /* ShaderTypes.h */; settings = {ATTRIBUTES = (Private, ); }; };
		46F3A6A9243D01D50030287A /* PonyExpressAppDelegate.h in Headers */ = {isa = PBXBuildFile; fileRef = 46F3A69D243D01D50030287A /* PonyExpressAppDelegate.h */; settings = {ATTRIBUTES = (Private, ); }; };
		46F3A6AA243D01D50030287A /* PonyExpressAppDelegate.m in Sources */ = {isa = PBXBuildFile; fileRef = 46F3A69E243D01D50030287A /* PonyExpressAppDelegate.m */; };
		46F3A6AB243D01D50030287A /* PonyExpressConfig.h in Headers */ = {isa = PBXBuildFile; fileRef = 46F3A69F243D01D50030287A /* PonyExpressConfig.h */; settings = {ATTRIBUTES = (Public, ); }; };
		46F3A6AC243D01D50030287A /* PonyExpressView.h in Headers */ = {isa = PBXBuildFile; fileRef = 46F3A6A0243D01D50030287A /* PonyExpressView.h */; settings = {ATTRIBUTES = (Public, ); }; };
		46F3A6AD243D01D50030287A /* PonyExpressView.m in Sources */ = {isa = PBXBuildFile; fileRef = 46F3A6A1243D01D50030287A /* PonyExpressView.m */; };
		46F3A6AE243D01D50030287A /* PonyExpressViewController.h in Headers */ = {isa = PBXBuildFile; fileRef = 46F3A6A2243D01D50030287A /* PonyExpressViewController.h */; settings = {ATTRIBUTES = (Public, ); }; };
		46F3A6AF243D01D50030287A /* PonyExpressViewController.m in Sources */ = {isa = PBXBuildFile; fileRef = 46F3A6A3243D01D50030287A /* PonyExpressViewController.m */; };
		46F3A6B4243D02750030287A /* PonyPlatform.h in Headers */ = {isa = PBXBuildFile; fileRef = 46F3A6B2243D02750030287A /* PonyPlatform.h */; settings = {ATTRIBUTES = (Private, ); }; };
		46F3A6B5243D02750030287A /* PonyPlatform.m in Sources */ = {isa = PBXBuildFile; fileRef = 46F3A6B3243D02750030287A /* PonyPlatform.m */; };
		46F3A6E2243D20280030287A /* PonyExpressUIView.h in Headers */ = {isa = PBXBuildFile; fileRef = 46F3A6E0243D20280030287A /* PonyExpressUIView.h */; settings = {ATTRIBUTES = (Private, ); }; };
		46F3A6E3243D20280030287A /* PonyExpressUIView.m in Sources */ = {isa = PBXBuildFile; fileRef = 46F3A6E1243D20280030287A /* PonyExpressUIView.m */; };
		46F3A6FF243D5C040030287A /* atomics.h in Headers */ = {isa = PBXBuildFile; fileRef = 46F3A6F9243D5C040030287A /* atomics.h */; settings = {ATTRIBUTES = (Private, ); }; };
		46F3A700243D5C040030287A /* pony.h in Headers */ = {isa = PBXBuildFile; fileRef = 46F3A6FA243D5C040030287A /* pony.h */; settings = {ATTRIBUTES = (Private, ); }; };
		46F3A701243D5C040030287A /* libponybitmap-ios.a in Frameworks */ = {isa = PBXBuildFile; fileRef = 46F3A6FC243D5C040030287A /* libponybitmap-ios.a */; };
		46F3A702243D5C040030287A /* libponyrt-ios.a in Frameworks */ = {isa = PBXBuildFile; fileRef = 46F3A6FD243D5C040030287A /* libponyrt-ios.a */; };
		46F3A703243D5C040030287A /* libyoga-ios.a in Frameworks */ = {isa = PBXBuildFile; fileRef = 46F3A6FE243D5C040030287A /* libyoga-ios.a */; };
		46F3A70A243D5E160030287A /* libc++.tbd in Frameworks */ = {isa = PBXBuildFile; fileRef = 46F3A709243D5E0C0030287A /* libc++.tbd */; };
		46F3A70C243D5F330030287A /* PonyExpress-Swift.h in Headers */ = {isa = PBXBuildFile; fileRef = 46F3A70B243D5F330030287A /* PonyExpress-Swift.h */; settings = {ATTRIBUTES = (Private, ); }; };
		46F3A710243D605A0030287A /* app.h in Headers */ = {isa = PBXBuildFile; fileRef = 46F3A70F243D605A0030287A /* app.h */; settings = {ATTRIBUTES = (Private, ); }; };
/* End PBXBuildFile section */

/* Begin PBXFileReference section */
		462036A8243EC492006F1FA2 /* libapp-ios.a */ = {isa = PBXFileReference; lastKnownFileType = archive.ar; path = "libapp-ios.a"; sourceTree = "<group>"; };
		462036AA243EC4F9006F1FA2 /* app.h */ = {isa = PBXFileReference; lastKnownFileType = sourcecode.c.h; path = app.h; sourceTree = "<group>"; };
		462036B0243EC533006F1FA2 /* PonyExpressOSX.framework */ = {isa = PBXFileReference; explicitFileType = wrapper.framework; includeInIndex = 0; path = PonyExpressOSX.framework; sourceTree = BUILT_PRODUCTS_DIR; };
		462036C6243EC625006F1FA2 /* PonyExpressOSX.h */ = {isa = PBXFileReference; fileEncoding = 4; lastKnownFileType = sourcecode.c.h; name = PonyExpressOSX.h; path = Xcode/PonyExpressOSX.h; sourceTree = SOURCE_ROOT; };
		462036D4243EC6AC006F1FA2 /* libapp-osx.a */ = {isa = PBXFileReference; lastKnownFileType = archive.ar; path = "libapp-osx.a"; sourceTree = "<group>"; };
		462036D6243EC6B5006F1FA2 /* libc++.tbd */ = {isa = PBXFileReference; lastKnownFileType = "sourcecode.text-based-dylib-definition"; name = "libc++.tbd"; path = "usr/lib/libc++.tbd"; sourceTree = SDKROOT; };
		462036D8243EC744006F1FA2 /* Info-osx.plist */ = {isa = PBXFileReference; fileEncoding = 4; lastKnownFileType = text.plist.xml; path = "Info-osx.plist"; sourceTree = "<group>"; };
		462036DA243EC749006F1FA2 /* Info-ios.plist */ = {isa = PBXFileReference; fileEncoding = 4; lastKnownFileType = text.plist.xml; path = "Info-ios.plist"; sourceTree = "<group>"; };
		463CC7EB243D95270055B22A /* module.modulemap */ = {isa = PBXFileReference; lastKnownFileType = "sourcecode.module-map"; name = module.modulemap; path = Xcode/module.modulemap; sourceTree = "<group>"; };
		46F3A65B243D00180030287A /* PonyExpressiOS.framework */ = {isa = PBXFileReference; explicitFileType = wrapper.framework; includeInIndex = 0; path = PonyExpressiOS.framework; sourceTree = BUILT_PRODUCTS_DIR; };
		46F3A65E243D00180030287A /* PonyExpressiOS.h */ = {isa = PBXFileReference; lastKnownFileType = sourcecode.c.h; path = PonyExpressiOS.h; sourceTree = "<group>"; };
		46F3A679243D01440030287A /* avl_tree.c */ = {isa = PBXFileReference; fileEncoding = 4; lastKnownFileType = sourcecode.c.c; path = avl_tree.c; sourceTree = "<group>"; };
		46F3A67A243D01440030287A /* avl_tree.h */ = {isa = PBXFileReference; fileEncoding = 4; lastKnownFileType = sourcecode.c.h; path = avl_tree.h; sourceTree = "<group>"; };
		46F3A67B243D01440030287A /* HALRenderEngine.c */ = {isa = PBXFileReference; fileEncoding = 4; lastKnownFileType = sourcecode.c.c; path = HALRenderEngine.c; sourceTree = "<group>"; };
		46F3A67C243D01440030287A /* HALRenderEngine.h */ = {isa = PBXFileReference; fileEncoding = 4; lastKnownFileType = sourcecode.c.h; path = HALRenderEngine.h; sourceTree = "<group>"; };
		46F3A67D243D01440030287A /* Renderer.swift */ = {isa = PBXFileReference; fileEncoding = 4; lastKnownFileType = sourcecode.swift; path = Renderer.swift; sourceTree = "<group>"; };
		46F3A67F243D01440030287A /* Flat.metal */ = {isa = PBXFileReference; fileEncoding = 4; lastKnownFileType = sourcecode.metal; path = Flat.metal; sourceTree = "<group>"; };
		46F3A680243D01440030287A /* SDF.metal */ = {isa = PBXFileReference; fileEncoding = 4; lastKnownFileType = sourcecode.metal; path = SDF.metal; sourceTree = "<group>"; };
		46F3A681243D01440030287A /* Textured.metal */ = {isa = PBXFileReference; fileEncoding = 4; lastKnownFileType = sourcecode.metal; path = Textured.metal; sourceTree = "<group>"; };
		46F3A682243D01440030287A /* ShaderTypes.h */ = {isa = PBXFileReference; fileEncoding = 4; lastKnownFileType = sourcecode.c.h; path = ShaderTypes.h; sourceTree = "<group>"; };
		46F3A69D243D01D50030287A /* PonyExpressAppDelegate.h */ = {isa = PBXFileReference; fileEncoding = 4; lastKnownFileType = sourcecode.c.h; path = PonyExpressAppDelegate.h; sourceTree = "<group>"; };
		46F3A69E243D01D50030287A /* PonyExpressAppDelegate.m */ = {isa = PBXFileReference; fileEncoding = 4; lastKnownFileType = sourcecode.c.objc; path = PonyExpressAppDelegate.m; sourceTree = "<group>"; };
		46F3A69F243D01D50030287A /* PonyExpressConfig.h */ = {isa = PBXFileReference; fileEncoding = 4; lastKnownFileType = sourcecode.c.h; path = PonyExpressConfig.h; sourceTree = "<group>"; };
		46F3A6A0243D01D50030287A /* PonyExpressView.h */ = {isa = PBXFileReference; fileEncoding = 4; lastKnownFileType = sourcecode.c.h; path = PonyExpressView.h; sourceTree = "<group>"; };
		46F3A6A1243D01D50030287A /* PonyExpressView.m */ = {isa = PBXFileReference; fileEncoding = 4; lastKnownFileType = sourcecode.c.objc; path = PonyExpressView.m; sourceTree = "<group>"; };
		46F3A6A2243D01D50030287A /* PonyExpressViewController.h */ = {isa = PBXFileReference; fileEncoding = 4; lastKnownFileType = sourcecode.c.h; path = PonyExpressViewController.h; sourceTree = "<group>"; };
		46F3A6A3243D01D50030287A /* PonyExpressViewController.m */ = {isa = PBXFileReference; fileEncoding = 4; lastKnownFileType = sourcecode.c.objc; path = PonyExpressViewController.m; sourceTree = "<group>"; };
		46F3A6B2243D02750030287A /* PonyPlatform.h */ = {isa = PBXFileReference; fileEncoding = 4; lastKnownFileType = sourcecode.c.h; path = PonyPlatform.h; sourceTree = "<group>"; };
		46F3A6B3243D02750030287A /* PonyPlatform.m */ = {isa = PBXFileReference; fileEncoding = 4; lastKnownFileType = sourcecode.c.objc; path = PonyPlatform.m; sourceTree = "<group>"; };
		46F3A6E0243D20280030287A /* PonyExpressUIView.h */ = {isa = PBXFileReference; fileEncoding = 4; lastKnownFileType = sourcecode.c.h; path = PonyExpressUIView.h; sourceTree = "<group>"; };
		46F3A6E1243D20280030287A /* PonyExpressUIView.m */ = {isa = PBXFileReference; fileEncoding = 4; lastKnownFileType = sourcecode.c.objc; path = PonyExpressUIView.m; sourceTree = "<group>"; };
		46F3A6E5243D202B0030287A /* PonyExpressNSView.h */ = {isa = PBXFileReference; fileEncoding = 4; lastKnownFileType = sourcecode.c.h; path = PonyExpressNSView.h; sourceTree = "<group>"; };
		46F3A6E6243D202B0030287A /* PonyExpressNSView.m */ = {isa = PBXFileReference; fileEncoding = 4; lastKnownFileType = sourcecode.c.objc; path = PonyExpressNSView.m; sourceTree = "<group>"; };
		46F3A6F2243D5BFB0030287A /* libponybitmap-osx.a */ = {isa = PBXFileReference; lastKnownFileType = archive.ar; path = "libponybitmap-osx.a"; sourceTree = "<group>"; };
		46F3A6F3243D5BFB0030287A /* libponyrt-osx.a */ = {isa = PBXFileReference; lastKnownFileType = archive.ar; path = "libponyrt-osx.a"; sourceTree = "<group>"; };
		46F3A6F4243D5BFB0030287A /* libyoga-osx.a */ = {isa = PBXFileReference; lastKnownFileType = archive.ar; path = "libyoga-osx.a"; sourceTree = "<group>"; };
		46F3A6F6243D5BFB0030287A /* atomics.h */ = {isa = PBXFileReference; lastKnownFileType = sourcecode.c.h; path = atomics.h; sourceTree = "<group>"; };
		46F3A6F7243D5BFB0030287A /* pony.h */ = {isa = PBXFileReference; lastKnownFileType = sourcecode.c.h; path = pony.h; sourceTree = "<group>"; };
		46F3A6F9243D5C040030287A /* atomics.h */ = {isa = PBXFileReference; fileEncoding = 4; lastKnownFileType = sourcecode.c.h; path = atomics.h; sourceTree = "<group>"; };
		46F3A6FA243D5C040030287A /* pony.h */ = {isa = PBXFileReference; fileEncoding = 4; lastKnownFileType = sourcecode.c.h; path = pony.h; sourceTree = "<group>"; };
		46F3A6FC243D5C040030287A /* libponybitmap-ios.a */ = {isa = PBXFileReference; lastKnownFileType = archive.ar; path = "libponybitmap-ios.a"; sourceTree = "<group>"; };
		46F3A6FD243D5C040030287A /* libponyrt-ios.a */ = {isa = PBXFileReference; lastKnownFileType = archive.ar; path = "libponyrt-ios.a"; sourceTree = "<group>"; };
		46F3A6FE243D5C040030287A /* libyoga-ios.a */ = {isa = PBXFileReference; lastKnownFileType = archive.ar; path = "libyoga-ios.a"; sourceTree = "<group>"; };
		46F3A709243D5E0C0030287A /* libc++.tbd */ = {isa = PBXFileReference; lastKnownFileType = "sourcecode.text-based-dylib-definition"; name = "libc++.tbd"; path = "Platforms/iPhoneOS.platform/Developer/SDKs/iPhoneOS13.2.sdk/usr/lib/libc++.tbd"; sourceTree = DEVELOPER_DIR; };
		46F3A70B243D5F330030287A /* PonyExpress-Swift.h */ = {isa = PBXFileReference; fileEncoding = 4; lastKnownFileType = sourcecode.c.h; path = "PonyExpress-Swift.h"; sourceTree = "<group>"; };
		46F3A70F243D605A0030287A /* app.h */ = {isa = PBXFileReference; fileEncoding = 4; lastKnownFileType = sourcecode.c.h; path = app.h; sourceTree = "<group>"; };
/* End PBXFileReference section */

/* Begin PBXFrameworksBuildPhase section */
		462036AD243EC533006F1FA2 /* Frameworks */ = {
			isa = PBXFrameworksBuildPhase;
			buildActionMask = 2147483647;
			files = (
				462036D7243EC6B5006F1FA2 /* libc++.tbd in Frameworks */,
				462036D1243EC69B006F1FA2 /* libyoga-osx.a in Frameworks */,
				462036D2243EC69D006F1FA2 /* libponyrt-osx.a in Frameworks */,
				462036D5243EC6AC006F1FA2 /* libapp-osx.a in Frameworks */,
				462036D3243EC6A3006F1FA2 /* libponybitmap-osx.a in Frameworks */,
			);
			runOnlyForDeploymentPostprocessing = 0;
		};
		46F3A658243D00180030287A /* Frameworks */ = {
			isa = PBXFrameworksBuildPhase;
			buildActionMask = 2147483647;
			files = (
				46F3A703243D5C040030287A /* libyoga-ios.a in Frameworks */,
				462036A9243EC492006F1FA2 /* libapp-ios.a in Frameworks */,
				46F3A70A243D5E160030287A /* libc++.tbd in Frameworks */,
				46F3A701243D5C040030287A /* libponybitmap-ios.a in Frameworks */,
				46F3A702243D5C040030287A /* libponyrt-ios.a in Frameworks */,
			);
			runOnlyForDeploymentPostprocessing = 0;
		};
/* End PBXFrameworksBuildPhase section */

/* Begin PBXGroup section */
		46F3A651243D00180030287A = {
			isa = PBXGroup;
			children = (
				463CC7EB243D95270055B22A /* module.modulemap */,
				46F3A65D243D00180030287A /* Xcode */,
				46F3A65C243D00180030287A /* Products */,
				46F3A708243D5E0C0030287A /* Frameworks */,
			);
			sourceTree = "<group>";
		};
		46F3A65C243D00180030287A /* Products */ = {
			isa = PBXGroup;
			children = (
				46F3A65B243D00180030287A /* PonyExpressiOS.framework */,
				462036B0243EC533006F1FA2 /* PonyExpressOSX.framework */,
			);
			name = Products;
			sourceTree = "<group>";
		};
		46F3A65D243D00180030287A /* Xcode */ = {
			isa = PBXGroup;
			children = (
				46F3A6E4243D202B0030287A /* macOS */,
				46F3A6DF243D20280030287A /* iOS */,
				46F3A666243D01440030287A /* Shared */,
				46F3A65E243D00180030287A /* PonyExpressiOS.h */,
				462036DA243EC749006F1FA2 /* Info-ios.plist */,
				462036C6243EC625006F1FA2 /* PonyExpressOSX.h */,
				462036D8243EC744006F1FA2 /* Info-osx.plist */,
			);
			path = Xcode;
			sourceTree = "<group>";
		};
		46F3A666243D01440030287A /* Shared */ = {
			isa = PBXGroup;
			children = (
				46F3A699243D01D50030287A /* PonyExpress */,
				46F3A675243D01440030287A /* PonyPlatform */,
				46F3A678243D01440030287A /* RenderEngine */,
				46F3A67E243D01440030287A /* Shaders */,
				46F3A682243D01440030287A /* ShaderTypes.h */,
				46F3A67D243D01440030287A /* Renderer.swift */,
				46F3A70B243D5F330030287A /* PonyExpress-Swift.h */,
			);
			path = Shared;
			sourceTree = "<group>";
		};
		46F3A675243D01440030287A /* PonyPlatform */ = {
			isa = PBXGroup;
			children = (
				46F3A6B2243D02750030287A /* PonyPlatform.h */,
				46F3A6B3243D02750030287A /* PonyPlatform.m */,
			);
			path = PonyPlatform;
			sourceTree = "<group>";
		};
		46F3A678243D01440030287A /* RenderEngine */ = {
			isa = PBXGroup;
			children = (
				46F3A679243D01440030287A /* avl_tree.c */,
				46F3A67A243D01440030287A /* avl_tree.h */,
				46F3A67C243D01440030287A /* HALRenderEngine.h */,
				46F3A67B243D01440030287A /* HALRenderEngine.c */,
			);
			path = RenderEngine;
			sourceTree = "<group>";
		};
		46F3A67E243D01440030287A /* Shaders */ = {
			isa = PBXGroup;
			children = (
				46F3A67F243D01440030287A /* Flat.metal */,
				46F3A680243D01440030287A /* SDF.metal */,
				46F3A681243D01440030287A /* Textured.metal */,
			);
			path = Shaders;
			sourceTree = "<group>";
		};
		46F3A699243D01D50030287A /* PonyExpress */ = {
			isa = PBXGroup;
			children = (
				46F3A69D243D01D50030287A /* PonyExpressAppDelegate.h */,
				46F3A69E243D01D50030287A /* PonyExpressAppDelegate.m */,
				46F3A69F243D01D50030287A /* PonyExpressConfig.h */,
				46F3A6A0243D01D50030287A /* PonyExpressView.h */,
				46F3A6A1243D01D50030287A /* PonyExpressView.m */,
				46F3A6A2243D01D50030287A /* PonyExpressViewController.h */,
				46F3A6A3243D01D50030287A /* PonyExpressViewController.m */,
			);
			path = PonyExpress;
			sourceTree = "<group>";
		};
		46F3A6DF243D20280030287A /* iOS */ = {
			isa = PBXGroup;
			children = (
				46F3A6F8243D5C040030287A /* include */,
				46F3A6FB243D5C040030287A /* libs */,
				46F3A6E0243D20280030287A /* PonyExpressUIView.h */,
				46F3A6E1243D20280030287A /* PonyExpressUIView.m */,
			);
			path = iOS;
			sourceTree = "<group>";
		};
		46F3A6E4243D202B0030287A /* macOS */ = {
			isa = PBXGroup;
			children = (
				46F3A6F5243D5BFB0030287A /* include */,
				46F3A6F1243D5BFB0030287A /* libs */,
				46F3A6E5243D202B0030287A /* PonyExpressNSView.h */,
				46F3A6E6243D202B0030287A /* PonyExpressNSView.m */,
			);
			path = macOS;
			sourceTree = "<group>";
		};
		46F3A6F1243D5BFB0030287A /* libs */ = {
			isa = PBXGroup;
			children = (
				462036D4243EC6AC006F1FA2 /* libapp-osx.a */,
				46F3A6F2243D5BFB0030287A /* libponybitmap-osx.a */,
				46F3A6F3243D5BFB0030287A /* libponyrt-osx.a */,
				46F3A6F4243D5BFB0030287A /* libyoga-osx.a */,
			);
			name = libs;
			path = Pony/deps/osx/libs;
			sourceTree = SOURCE_ROOT;
		};
		46F3A6F5243D5BFB0030287A /* include */ = {
			isa = PBXGroup;
			children = (
				462036AA243EC4F9006F1FA2 /* app.h */,
				46F3A6F6243D5BFB0030287A /* atomics.h */,
				46F3A6F7243D5BFB0030287A /* pony.h */,
			);
			name = include;
			path = Pony/deps/osx/include;
			sourceTree = SOURCE_ROOT;
		};
		46F3A6F8243D5C040030287A /* include */ = {
			isa = PBXGroup;
			children = (
				46F3A70F243D605A0030287A /* app.h */,
				46F3A6F9243D5C040030287A /* atomics.h */,
				46F3A6FA243D5C040030287A /* pony.h */,
			);
			name = include;
			path = Pony/deps/ios/include;
			sourceTree = SOURCE_ROOT;
		};
		46F3A6FB243D5C040030287A /* libs */ = {
			isa = PBXGroup;
			children = (
				462036A8243EC492006F1FA2 /* libapp-ios.a */,
				46F3A6FC243D5C040030287A /* libponybitmap-ios.a */,
				46F3A6FD243D5C040030287A /* libponyrt-ios.a */,
				46F3A6FE243D5C040030287A /* libyoga-ios.a */,
			);
			name = libs;
			path = Pony/deps/ios/libs;
			sourceTree = SOURCE_ROOT;
		};
		46F3A708243D5E0C0030287A /* Frameworks */ = {
			isa = PBXGroup;
			children = (
				462036D6243EC6B5006F1FA2 /* libc++.tbd */,
				46F3A709243D5E0C0030287A /* libc++.tbd */,
			);
			name = Frameworks;
			sourceTree = "<group>";
		};
/* End PBXGroup section */

/* Begin PBXHeadersBuildPhase section */
		462036AB243EC533006F1FA2 /* Headers */ = {
			isa = PBXHeadersBuildPhase;
			buildActionMask = 2147483647;
			files = (
				462036C3243EC603006F1FA2 /* PonyExpressConfig.h in Headers */,
				462036C4243EC603006F1FA2 /* PonyExpressView.h in Headers */,
				462036C5243EC603006F1FA2 /* PonyExpressViewController.h in Headers */,
				462036DE243EC8E9006F1FA2 /* PonyExpressOSX.h in Headers */,
				462036C8243EC657006F1FA2 /* HALRenderEngine.h in Headers */,
				462036CE243EC671006F1FA2 /* PonyPlatform.h in Headers */,
				462036C9243EC671006F1FA2 /* app.h in Headers */,
				462036CF243EC671006F1FA2 /* avl_tree.h in Headers */,
				462036CB243EC671006F1FA2 /* pony.h in Headers */,
				462036CA243EC671006F1FA2 /* atomics.h in Headers */,
				462036D0243EC671006F1FA2 /* ShaderTypes.h in Headers */,
				462036CD243EC671006F1FA2 /* PonyExpressAppDelegate.h in Headers */,
				462036CC243EC671006F1FA2 /* PonyExpressNSView.h in Headers */,
				462036DD243EC8D4006F1FA2 /* PonyExpress-Swift.h in Headers */,
			);
			runOnlyForDeploymentPostprocessing = 0;
		};
		46F3A656243D00180030287A /* Headers */ = {
			isa = PBXHeadersBuildPhase;
			buildActionMask = 2147483647;
			files = (
				46F3A6AB243D01D50030287A /* PonyExpressConfig.h in Headers */,
				46F3A6AC243D01D50030287A /* PonyExpressView.h in Headers */,
				46F3A6AE243D01D50030287A /* PonyExpressViewController.h in Headers */,
				46F3A660243D00180030287A /* PonyExpressiOS.h in Headers */,
				46F3A693243D01440030287A /* HALRenderEngine.h in Headers */,
				46F3A6B4243D02750030287A /* PonyPlatform.h in Headers */,
				46F3A710243D605A0030287A /* app.h in Headers */,
				46F3A691243D01440030287A /* avl_tree.h in Headers */,
				46F3A700243D5C040030287A /* pony.h in Headers */,
				46F3A6FF243D5C040030287A /* atomics.h in Headers */,
				46F3A698243D01440030287A /* ShaderTypes.h in Headers */,
				46F3A6A9243D01D50030287A /* PonyExpressAppDelegate.h in Headers */,
				46F3A6E2243D20280030287A /* PonyExpressUIView.h in Headers */,
				46F3A70C243D5F330030287A /* PonyExpress-Swift.h in Headers */,
			);
			runOnlyForDeploymentPostprocessing = 0;
		};
/* End PBXHeadersBuildPhase section */

/* Begin PBXNativeTarget section */
		462036AF243EC533006F1FA2 /* PonyExpressOSX */ = {
			isa = PBXNativeTarget;
			buildConfigurationList = 462036B5243EC533006F1FA2 /* Build configuration list for PBXNativeTarget "PonyExpressOSX" */;
			buildPhases = (
				462036B8243EC562006F1FA2 /* Pony */,
				462036AB243EC533006F1FA2 /* Headers */,
				462036AC243EC533006F1FA2 /* Sources */,
				462036AD243EC533006F1FA2 /* Frameworks */,
				462036AE243EC533006F1FA2 /* Resources */,
			);
			buildRules = (
			);
			dependencies = (
			);
			name = PonyExpressOSX;
			productName = PonyExpressOSX;
			productReference = 462036B0243EC533006F1FA2 /* PonyExpressOSX.framework */;
			productType = "com.apple.product-type.framework";
		};
		46F3A65A243D00180030287A /* PonyExpressiOS */ = {
			isa = PBXNativeTarget;
			buildConfigurationList = 46F3A663243D00180030287A /* Build configuration list for PBXNativeTarget "PonyExpressiOS" */;
			buildPhases = (
				462036A7243EC0E0006F1FA2 /* Pony */,
				46F3A656243D00180030287A /* Headers */,
				46F3A657243D00180030287A /* Sources */,
				46F3A658243D00180030287A /* Frameworks */,
				46F3A659243D00180030287A /* Resources */,
			);
			buildRules = (
			);
			dependencies = (
			);
			name = PonyExpressiOS;
			productName = PonyExpress;
			productReference = 46F3A65B243D00180030287A /* PonyExpressiOS.framework */;
			productType = "com.apple.product-type.framework";
		};
/* End PBXNativeTarget section */

/* Begin PBXProject section */
		46F3A652243D00180030287A /* Project object */ = {
			isa = PBXProject;
			attributes = {
				LastUpgradeCheck = 1120;
				ORGANIZATIONNAME = "Rocco Bowling";
				TargetAttributes = {
					462036AF243EC533006F1FA2 = {
						CreatedOnToolsVersion = 11.2.1;
					};
					46F3A65A243D00180030287A = {
						CreatedOnToolsVersion = 11.2.1;
					};
				};
			};
			buildConfigurationList = 46F3A655243D00180030287A /* Build configuration list for PBXProject "PonyExpress" */;
			compatibilityVersion = "Xcode 9.3";
			developmentRegion = en;
			hasScannedForEncodings = 0;
			knownRegions = (
				en,
				Base,
			);
			mainGroup = 46F3A651243D00180030287A;
			productRefGroup = 46F3A65C243D00180030287A /* Products */;
			projectDirPath = "";
			projectRoot = "";
			targets = (
				46F3A65A243D00180030287A /* PonyExpressiOS */,
				462036AF243EC533006F1FA2 /* PonyExpressOSX */,
			);
		};
/* End PBXProject section */

/* Begin PBXResourcesBuildPhase section */
		462036AE243EC533006F1FA2 /* Resources */ = {
			isa = PBXResourcesBuildPhase;
			buildActionMask = 2147483647;
			files = (
			);
			runOnlyForDeploymentPostprocessing = 0;
		};
		46F3A659243D00180030287A /* Resources */ = {
			isa = PBXResourcesBuildPhase;
			buildActionMask = 2147483647;
			files = (
			);
			runOnlyForDeploymentPostprocessing = 0;
		};
/* End PBXResourcesBuildPhase section */

/* Begin PBXShellScriptBuildPhase section */
		462036A7243EC0E0006F1FA2 /* Pony */ = {
			isa = PBXShellScriptBuildPhase;
			buildActionMask = 2147483647;
			files = (
			);
			inputFileListPaths = (
			);
			inputPaths = (
			);
			name = Pony;
			outputFileListPaths = (
			);
			outputPaths = (
			);
			runOnlyForDeploymentPostprocessing = 0;
			shellPath = /bin/sh;
			shellScript = "cd ./Pony/app\ntime make framework ios\n";
		};
		462036B8243EC562006F1FA2 /* Pony */ = {
			isa = PBXShellScriptBuildPhase;
			buildActionMask = 2147483647;
			files = (
			);
			inputFileListPaths = (
			);
			inputPaths = (
			);
			name = Pony;
			outputFileListPaths = (
			);
			outputPaths = (
			);
			runOnlyForDeploymentPostprocessing = 0;
			shellPath = /bin/sh;
			shellScript = "cd ./Pony/app\necho \"note: Building Pony\"\ntime make framework osx\n";
		};
/* End PBXShellScriptBuildPhase section */

/* Begin PBXSourcesBuildPhase section */
		462036AC243EC533006F1FA2 /* Sources */ = {
			isa = PBXSourcesBuildPhase;
			buildActionMask = 2147483647;
			files = (
				462036C1243EC5B4006F1FA2 /* Textured.metal in Sources */,
				462036BA243EC5B3006F1FA2 /* PonyExpressView.m in Sources */,
				462036BF243EC5B4006F1FA2 /* Flat.metal in Sources */,
				462036C0243EC5B4006F1FA2 /* SDF.metal in Sources */,
				462036DC243EC874006F1FA2 /* PonyExpressNSView.m in Sources */,
				462036BE243EC5B3006F1FA2 /* HALRenderEngine.c in Sources */,
				462036BC243EC5B3006F1FA2 /* PonyPlatform.m in Sources */,
				462036B9243EC5B3006F1FA2 /* PonyExpressAppDelegate.m in Sources */,
				462036BB243EC5B3006F1FA2 /* PonyExpressViewController.m in Sources */,
				462036BD243EC5B3006F1FA2 /* avl_tree.c in Sources */,
				462036C2243EC5B4006F1FA2 /* Renderer.swift in Sources */,
			);
			runOnlyForDeploymentPostprocessing = 0;
		};
		46F3A657243D00180030287A /* Sources */ = {
			isa = PBXSourcesBuildPhase;
			buildActionMask = 2147483647;
			files = (
				46F3A697243D01440030287A /* Textured.metal in Sources */,
				46F3A6AD243D01D50030287A /* PonyExpressView.m in Sources */,
				46F3A695243D01440030287A /* Flat.metal in Sources */,
				46F3A696243D01440030287A /* SDF.metal in Sources */,
				46F3A6E3243D20280030287A /* PonyExpressUIView.m in Sources */,
				46F3A692243D01440030287A /* HALRenderEngine.c in Sources */,
				46F3A6B5243D02750030287A /* PonyPlatform.m in Sources */,
				46F3A6AA243D01D50030287A /* PonyExpressAppDelegate.m in Sources */,
				46F3A6AF243D01D50030287A /* PonyExpressViewController.m in Sources */,
				46F3A690243D01440030287A /* avl_tree.c in Sources */,
				46F3A694243D01440030287A /* Renderer.swift in Sources */,
			);
			runOnlyForDeploymentPostprocessing = 0;
		};
/* End PBXSourcesBuildPhase section */

/* Begin XCBuildConfiguration section */
		462036B6243EC533006F1FA2 /* Debug */ = {
			isa = XCBuildConfiguration;
			buildSettings = {
				CODE_SIGN_STYLE = Automatic;
				COMBINE_HIDPI_IMAGES = YES;
				DEFINES_MODULE = YES;
				DEVELOPMENT_TEAM = A3LA43YQN5;
				DYLIB_COMPATIBILITY_VERSION = 1;
				DYLIB_CURRENT_VERSION = 1;
				DYLIB_INSTALL_NAME_BASE = "@rpath";
				GCC_PREPROCESSOR_DEFINITIONS = (
					"PONYEXPRESS_FRAMEWORK_ONLY=1",
					"$(inherited)",
				);
				INFOPLIST_FILE = "Xcode/Info-osx.plist";
				INSTALL_PATH = "$(LOCAL_LIBRARY_DIR)/Frameworks";
				LD_RUNPATH_SEARCH_PATHS = (
					"$(inherited)",
					"@executable_path/../Frameworks",
					"@loader_path/Frameworks",
				);
				LIBRARY_SEARCH_PATHS = (
					"$(inherited)",
					"$(PROJECT_DIR)/Pony/deps/osx/libs",
				);
				MACOSX_DEPLOYMENT_TARGET = 10.14;
				PRODUCT_BUNDLE_IDENTIFIER = com.chimerasw.PonyExpressOSX;
				PRODUCT_NAME = "$(TARGET_NAME:c99extidentifier)";
				SDKROOT = macosx;
				SKIP_INSTALL = YES;
				SWIFT_INCLUDE_PATHS = "$(SRCROOT)/Xcode/**";
				SWIFT_VERSION = 5.0;
			};
			name = Debug;
		};
		462036B7243EC533006F1FA2 /* Release */ = {
			isa = XCBuildConfiguration;
			buildSettings = {
				CODE_SIGN_STYLE = Automatic;
				COMBINE_HIDPI_IMAGES = YES;
				DEFINES_MODULE = YES;
				DEVELOPMENT_TEAM = A3LA43YQN5;
				DYLIB_COMPATIBILITY_VERSION = 1;
				DYLIB_CURRENT_VERSION = 1;
				DYLIB_INSTALL_NAME_BASE = "@rpath";
				GCC_PREPROCESSOR_DEFINITIONS = "PONYEXPRESS_FRAMEWORK_ONLY=1";
				INFOPLIST_FILE = "Xcode/Info-osx.plist";
				INSTALL_PATH = "$(LOCAL_LIBRARY_DIR)/Frameworks";
				LD_RUNPATH_SEARCH_PATHS = (
					"$(inherited)",
					"@executable_path/../Frameworks",
					"@loader_path/Frameworks",
				);
				LIBRARY_SEARCH_PATHS = (
					"$(inherited)",
					"$(PROJECT_DIR)/Pony/deps/osx/libs",
				);
				MACOSX_DEPLOYMENT_TARGET = 10.14;
				PRODUCT_BUNDLE_IDENTIFIER = com.chimerasw.PonyExpressOSX;
				PRODUCT_NAME = "$(TARGET_NAME:c99extidentifier)";
				SDKROOT = macosx;
				SKIP_INSTALL = YES;
				SWIFT_INCLUDE_PATHS = "$(SRCROOT)/Xcode/**";
				SWIFT_VERSION = 5.0;
			};
			name = Release;
		};
		46F3A661243D00180030287A /* Debug */ = {
			isa = XCBuildConfiguration;
			buildSettings = {
				ALWAYS_SEARCH_USER_PATHS = NO;
				CLANG_ANALYZER_NONNULL = YES;
				CLANG_ANALYZER_NUMBER_OBJECT_CONVERSION = YES_AGGRESSIVE;
				CLANG_CXX_LANGUAGE_STANDARD = "gnu++14";
				CLANG_CXX_LIBRARY = "libc++";
				CLANG_ENABLE_MODULES = YES;
				CLANG_ENABLE_OBJC_ARC = YES;
				CLANG_ENABLE_OBJC_WEAK = YES;
				CLANG_WARN_BLOCK_CAPTURE_AUTORELEASING = YES;
				CLANG_WARN_BOOL_CONVERSION = YES;
				CLANG_WARN_COMMA = YES;
				CLANG_WARN_CONSTANT_CONVERSION = YES;
				CLANG_WARN_DEPRECATED_OBJC_IMPLEMENTATIONS = YES;
				CLANG_WARN_DIRECT_OBJC_ISA_USAGE = YES_ERROR;
				CLANG_WARN_DOCUMENTATION_COMMENTS = YES;
				CLANG_WARN_EMPTY_BODY = YES;
				CLANG_WARN_ENUM_CONVERSION = YES;
				CLANG_WARN_INFINITE_RECURSION = YES;
				CLANG_WARN_INT_CONVERSION = YES;
				CLANG_WARN_NON_LITERAL_NULL_CONVERSION = YES;
				CLANG_WARN_OBJC_IMPLICIT_RETAIN_SELF = YES;
				CLANG_WARN_OBJC_LITERAL_CONVERSION = YES;
				CLANG_WARN_OBJC_ROOT_CLASS = YES_ERROR;
				CLANG_WARN_RANGE_LOOP_ANALYSIS = YES;
				CLANG_WARN_STRICT_PROTOTYPES = YES;
				CLANG_WARN_SUSPICIOUS_MOVE = YES;
				CLANG_WARN_UNGUARDED_AVAILABILITY = YES_AGGRESSIVE;
				CLANG_WARN_UNREACHABLE_CODE = YES;
				CLANG_WARN__DUPLICATE_METHOD_MATCH = YES;
				COPY_PHASE_STRIP = NO;
				CURRENT_PROJECT_VERSION = 1;
				DEBUG_INFORMATION_FORMAT = dwarf;
				ENABLE_STRICT_OBJC_MSGSEND = YES;
				ENABLE_TESTABILITY = YES;
				GCC_C_LANGUAGE_STANDARD = gnu11;
				GCC_DYNAMIC_NO_PIC = NO;
				GCC_NO_COMMON_BLOCKS = YES;
				GCC_OPTIMIZATION_LEVEL = 0;
				GCC_PREPROCESSOR_DEFINITIONS = (
					"DEBUG=1",
					"$(inherited)",
				);
				GCC_WARN_64_TO_32_BIT_CONVERSION = YES;
				GCC_WARN_ABOUT_RETURN_TYPE = YES_ERROR;
				GCC_WARN_UNDECLARED_SELECTOR = YES;
				GCC_WARN_UNINITIALIZED_AUTOS = YES_AGGRESSIVE;
				GCC_WARN_UNUSED_FUNCTION = YES;
				GCC_WARN_UNUSED_VARIABLE = YES;
				IPHONEOS_DEPLOYMENT_TARGET = 13.2;
				MTL_ENABLE_DEBUG_INFO = INCLUDE_SOURCE;
				MTL_FAST_MATH = YES;
				ONLY_ACTIVE_ARCH = YES;
				SWIFT_ACTIVE_COMPILATION_CONDITIONS = DEBUG;
				SWIFT_COMPILATION_MODE = wholemodule;
				SWIFT_OPTIMIZATION_LEVEL = "-Onone";
				VERSIONING_SYSTEM = "apple-generic";
				VERSION_INFO_PREFIX = "";
			};
			name = Debug;
		};
		46F3A662243D00180030287A /* Release */ = {
			isa = XCBuildConfiguration;
			buildSettings = {
				ALWAYS_SEARCH_USER_PATHS = NO;
				CLANG_ANALYZER_NONNULL = YES;
				CLANG_ANALYZER_NUMBER_OBJECT_CONVERSION = YES_AGGRESSIVE;
				CLANG_CXX_LANGUAGE_STANDARD = "gnu++14";
				CLANG_CXX_LIBRARY = "libc++";
				CLANG_ENABLE_MODULES = YES;
				CLANG_ENABLE_OBJC_ARC = YES;
				CLANG_ENABLE_OBJC_WEAK = YES;
				CLANG_WARN_BLOCK_CAPTURE_AUTORELEASING = YES;
				CLANG_WARN_BOOL_CONVERSION = YES;
				CLANG_WARN_COMMA = YES;
				CLANG_WARN_CONSTANT_CONVERSION = YES;
				CLANG_WARN_DEPRECATED_OBJC_IMPLEMENTATIONS = YES;
				CLANG_WARN_DIRECT_OBJC_ISA_USAGE = YES_ERROR;
				CLANG_WARN_DOCUMENTATION_COMMENTS = YES;
				CLANG_WARN_EMPTY_BODY = YES;
				CLANG_WARN_ENUM_CONVERSION = YES;
				CLANG_WARN_INFINITE_RECURSION = YES;
				CLANG_WARN_INT_CONVERSION = YES;
				CLANG_WARN_NON_LITERAL_NULL_CONVERSION = YES;
				CLANG_WARN_OBJC_IMPLICIT_RETAIN_SELF = YES;
				CLANG_WARN_OBJC_LITERAL_CONVERSION = YES;
				CLANG_WARN_OBJC_ROOT_CLASS = YES_ERROR;
				CLANG_WARN_RANGE_LOOP_ANALYSIS = YES;
				CLANG_WARN_STRICT_PROTOTYPES = YES;
				CLANG_WARN_SUSPICIOUS_MOVE = YES;
				CLANG_WARN_UNGUARDED_AVAILABILITY = YES_AGGRESSIVE;
				CLANG_WARN_UNREACHABLE_CODE = YES;
				CLANG_WARN__DUPLICATE_METHOD_MATCH = YES;
				COPY_PHASE_STRIP = NO;
				CURRENT_PROJECT_VERSION = 1;
				DEBUG_INFORMATION_FORMAT = "dwarf-with-dsym";
				ENABLE_NS_ASSERTIONS = NO;
				ENABLE_STRICT_OBJC_MSGSEND = YES;
				GCC_C_LANGUAGE_STANDARD = gnu11;
				GCC_NO_COMMON_BLOCKS = YES;
				GCC_WARN_64_TO_32_BIT_CONVERSION = YES;
				GCC_WARN_ABOUT_RETURN_TYPE = YES_ERROR;
				GCC_WARN_UNDECLARED_SELECTOR = YES;
				GCC_WARN_UNINITIALIZED_AUTOS = YES_AGGRESSIVE;
				GCC_WARN_UNUSED_FUNCTION = YES;
				GCC_WARN_UNUSED_VARIABLE = YES;
				IPHONEOS_DEPLOYMENT_TARGET = 13.2;
				MTL_ENABLE_DEBUG_INFO = NO;
				MTL_FAST_MATH = YES;
				SWIFT_COMPILATION_MODE = wholemodule;
				SWIFT_OPTIMIZATION_LEVEL = "-O";
				VALIDATE_PRODUCT = YES;
				VERSIONING_SYSTEM = "apple-generic";
				VERSION_INFO_PREFIX = "";
			};
			name = Release;
		};
		46F3A664243D00180030287A /* Debug */ = {
			isa = XCBuildConfiguration;
			buildSettings = {
				APPLICATION_EXTENSION_API_ONLY = YES;
				CODE_SIGN_STYLE = Automatic;
				DEFINES_MODULE = YES;
				DEVELOPMENT_TEAM = A3LA43YQN5;
				DYLIB_COMPATIBILITY_VERSION = 1;
				DYLIB_CURRENT_VERSION = 1;
				DYLIB_INSTALL_NAME_BASE = "@rpath";
				ENABLE_BITCODE = NO;
				GCC_PREPROCESSOR_DEFINITIONS = (
					"PONYEXPRESS_FRAMEWORK_ONLY=1",
					"$(inherited)",
				);
				INFOPLIST_FILE = "Xcode/Info-ios.plist";
				INSTALL_PATH = "$(LOCAL_LIBRARY_DIR)/Frameworks";
				IPHONEOS_DEPLOYMENT_TARGET = 12.0;
				LD_RUNPATH_SEARCH_PATHS = (
					"$(inherited)",
					"@executable_path/Frameworks",
					"@loader_path/Frameworks",
				);
				LIBRARY_SEARCH_PATHS = (
					"$(inherited)",
					"$(PROJECT_DIR)/Pony/deps/ios/libs",
				);
				PRODUCT_BUNDLE_IDENTIFIER = com.chimerasw.PonyExpress;
				PRODUCT_NAME = "$(TARGET_NAME:c99extidentifier)";
				SDKROOT = iphoneos;
				SKIP_INSTALL = YES;
				SUPPORTS_MACCATALYST = NO;
				SWIFT_INCLUDE_PATHS = "$(SRCROOT)/Xcode/**";
				SWIFT_VERSION = 5.0;
				TARGETED_DEVICE_FAMILY = "1,2";
			};
			name = Debug;
		};
		46F3A665243D00180030287A /* Release */ = {
			isa = XCBuildConfiguration;
			buildSettings = {
				APPLICATION_EXTENSION_API_ONLY = YES;
				CODE_SIGN_STYLE = Automatic;
				DEFINES_MODULE = YES;
				DEVELOPMENT_TEAM = A3LA43YQN5;
				DYLIB_COMPATIBILITY_VERSION = 1;
				DYLIB_CURRENT_VERSION = 1;
				DYLIB_INSTALL_NAME_BASE = "@rpath";
				ENABLE_BITCODE = NO;
				GCC_PREPROCESSOR_DEFINITIONS = "PONYEXPRESS_FRAMEWORK_ONLY=1";
				INFOPLIST_FILE = "Xcode/Info-ios.plist";
				INSTALL_PATH = "$(LOCAL_LIBRARY_DIR)/Frameworks";
				IPHONEOS_DEPLOYMENT_TARGET = 12.0;
				LD_RUNPATH_SEARCH_PATHS = (
					"$(inherited)",
					"@executable_path/Frameworks",
					"@loader_path/Frameworks",
				);
				LIBRARY_SEARCH_PATHS = (
					"$(inherited)",
					"$(PROJECT_DIR)/Pony/deps/ios/libs",
				);
				PRODUCT_BUNDLE_IDENTIFIER = com.chimerasw.PonyExpress;
				PRODUCT_NAME = "$(TARGET_NAME:c99extidentifier)";
				SDKROOT = iphoneos;
				SKIP_INSTALL = YES;
				SUPPORTS_MACCATALYST = NO;
				SWIFT_INCLUDE_PATHS = "$(SRCROOT)/Xcode/**";
				SWIFT_VERSION = 5.0;
				TARGETED_DEVICE_FAMILY = "1,2";
			};
			name = Release;
		};
/* End XCBuildConfiguration section */

/* Begin XCConfigurationList section */
		462036B5243EC533006F1FA2 /* Build configuration list for PBXNativeTarget "PonyExpressOSX" */ = {
			isa = XCConfigurationList;
			buildConfigurations = (
				462036B6243EC533006F1FA2 /* Debug */,
				462036B7243EC533006F1FA2 /* Release */,
			);
			defaultConfigurationIsVisible = 0;
			defaultConfigurationName = Release;
		};
		46F3A655243D00180030287A /* Build configuration list for PBXProject "PonyExpress" */ = {
			isa = XCConfigurationList;
			buildConfigurations = (
				46F3A661243D00180030287A /* Debug */,
				46F3A662243D00180030287A /* Release */,
			);
			defaultConfigurationIsVisible = 0;
			defaultConfigurationName = Release;
		};
		46F3A663243D00180030287A /* Build configuration list for PBXNativeTarget "PonyExpressiOS" */ = {
			isa = XCConfigurationList;
			buildConfigurations = (
				46F3A664243D00180030287A /* Debug */,
				46F3A665243D00180030287A /* Release */,
			);
			defaultConfigurationIsVisible = 0;
			defaultConfigurationName = Release;
		};
/* End XCConfigurationList section */
	};
	rootObject = 46F3A652243D00180030287A /* Project object */;
}
